
Microsoft Visual Studio Solution File, Format Version 11.00
# Visual Studio 2010
Project("{F184B08F-C81C-45F6-A57F-5ABD9991F28F}") = "Green Dragon Writer", "Green Dragon Writer\Green Dragon Writer.vbproj", "{BC5E9564-8DF7-48F6-9833-B26AC185C7E8}"
EndProject
Global
	GlobalSection(SolutionConfigurationPlatforms) = preSolution
		Debug|x86 = Debug|x86
		Release|x86 = Release|x86
	EndGlobalSection
	GlobalSection(ProjectConfigurationPlatforms) = postSolution
		{BC5E9564-8DF7-48F6-9833-B26AC185C7E8}.Debug|x86.ActiveCfg = Debug|x86
		{BC5E9564-8DF7-48F6-9833-B26AC185C7E8}.Debug|x86.Build.0 = Debug|x86
		{BC5E9564-8DF7-48F6-9833-B26AC185C7E8}.Release|x86.ActiveCfg = Release|x86
		{BC5E9564-8DF7-48F6-9833-B26AC185C7E8}.Release|x86.Build.0 = Release|x86
	EndGlobalSection
	GlobalSection(SolutionProperties) = preSolution
		HideSolutionNode = FALSE
	EndGlobalSection
EndGlobal
